// !$*UTF8*$!
{
	archiveVersion = 1;
	classes = {
	};
	objectVersion = 56;
	objects = {

/* Begin PBXBuildFile section */
		22804B132BA3519600E8BCF4 /* SignInService.swift in Sources */ = {isa = PBXBuildFile; fileRef = 22804B122BA3519600E8BCF4 /* SignInService.swift */; };
		229843242B92283100446FC9 /* LocalizationCenter.swift in Sources */ = {isa = PBXBuildFile; fileRef = 229843232B92283100446FC9 /* LocalizationCenter.swift */; };
		229843272B922A7300446FC9 /* ManageAppLanguageService.swift in Sources */ = {isa = PBXBuildFile; fileRef = 229843262B922A7300446FC9 /* ManageAppLanguageService.swift */; };
		8627290E2BA003980027F5A2 /* DismissKeyboardByTap.swift in Sources */ = {isa = PBXBuildFile; fileRef = 8627290D2BA003980027F5A2 /* DismissKeyboardByTap.swift */; };
		862729102BA006D30027F5A2 /* PasswordValidatorService.swift in Sources */ = {isa = PBXBuildFile; fileRef = 8627290F2BA006D30027F5A2 /* PasswordValidatorService.swift */; };
		8698F8782BAD84DC003A81E9 /* ForgotPasswordInteractor.swift in Sources */ = {isa = PBXBuildFile; fileRef = 8698F8772BAD84DC003A81E9 /* ForgotPasswordInteractor.swift */; };
		86ABEDB72BA17F070036D04C /* SignUpService.swift in Sources */ = {isa = PBXBuildFile; fileRef = 86ABEDB62BA17F070036D04C /* SignUpService.swift */; };
		86ABEDB92BA18BE70036D04C /* CommonError.swift in Sources */ = {isa = PBXBuildFile; fileRef = 86ABEDB82BA18BE70036D04C /* CommonError.swift */; };
		86ABEDBB2BA1932A0036D04C /* EmailValidatorService.swift in Sources */ = {isa = PBXBuildFile; fileRef = 86ABEDBA2BA1932A0036D04C /* EmailValidatorService.swift */; };
		86ABEDBF2BA19AE60036D04C /* AlertUtils.swift in Sources */ = {isa = PBXBuildFile; fileRef = 86ABEDBE2BA19AE60036D04C /* AlertUtils.swift */; };
		86B2E9592BAC083600439682 /* SnapKit in Frameworks */ = {isa = PBXBuildFile; productRef = 86B2E9582BAC083600439682 /* SnapKit */; };
		86B2E95B2BAC083600439682 /* SnapKit-Dynamic in Frameworks */ = {isa = PBXBuildFile; productRef = 86B2E95A2BAC083600439682 /* SnapKit-Dynamic */; };
		86B31AC02BAADB8200BFB6A4 /* Coordinator.swift in Sources */ = {isa = PBXBuildFile; fileRef = 86B31ABF2BAADB8200BFB6A4 /* Coordinator.swift */; };
		86B31AC22BAADB9200BFB6A4 /* Router.swift in Sources */ = {isa = PBXBuildFile; fileRef = 86B31AC12BAADB9200BFB6A4 /* Router.swift */; };
		86B31AC52BAADC4F00BFB6A4 /* AddChildRouter.swift in Sources */ = {isa = PBXBuildFile; fileRef = 86B31AC42BAADC4F00BFB6A4 /* AddChildRouter.swift */; };
		86B31AC72BAAE2CA00BFB6A4 /* SceneDelegateRouter.swift in Sources */ = {isa = PBXBuildFile; fileRef = 86B31AC62BAAE2CA00BFB6A4 /* SceneDelegateRouter.swift */; };
		86B31AC92BAAE3B800BFB6A4 /* RootCoordinator.swift in Sources */ = {isa = PBXBuildFile; fileRef = 86B31AC82BAAE3B800BFB6A4 /* RootCoordinator.swift */; };
		86B31ACB2BAAE6C200BFB6A4 /* AuthenticationCoordinator.swift in Sources */ = {isa = PBXBuildFile; fileRef = 86B31ACA2BAAE6C200BFB6A4 /* AuthenticationCoordinator.swift */; };
		86B31ACD2BAAE79000BFB6A4 /* NavigationRouter.swift in Sources */ = {isa = PBXBuildFile; fileRef = 86B31ACC2BAAE79000BFB6A4 /* NavigationRouter.swift */; };
		86C34CD92B9F205200C5C448 /* StringUtils.swift in Sources */ = {isa = PBXBuildFile; fileRef = 86C34CD82B9F205200C5C448 /* StringUtils.swift */; };
		86CF713C2B915AE900B930B6 /* AppDelegate.swift in Sources */ = {isa = PBXBuildFile; fileRef = 86CF713B2B915AE900B930B6 /* AppDelegate.swift */; };
		86CF713E2B915AE900B930B6 /* SceneDelegate.swift in Sources */ = {isa = PBXBuildFile; fileRef = 86CF713D2B915AE900B930B6 /* SceneDelegate.swift */; };
		86CF71402B915AE900B930B6 /* ViewController.swift in Sources */ = {isa = PBXBuildFile; fileRef = 86CF713F2B915AE900B930B6 /* ViewController.swift */; };
		86CF71462B915AE900B930B6 /* news_app.xcdatamodeld in Sources */ = {isa = PBXBuildFile; fileRef = 86CF71442B915AE900B930B6 /* news_app.xcdatamodeld */; };
		86CF71482B915AEA00B930B6 /* Assets.xcassets in Resources */ = {isa = PBXBuildFile; fileRef = 86CF71472B915AEA00B930B6 /* Assets.xcassets */; };
		86CF714B2B915AEA00B930B6 /* LaunchScreen.storyboard in Resources */ = {isa = PBXBuildFile; fileRef = 86CF71492B915AEA00B930B6 /* LaunchScreen.storyboard */; };
		86CF71562B915AEA00B930B6 /* news_appTests.swift in Sources */ = {isa = PBXBuildFile; fileRef = 86CF71552B915AEA00B930B6 /* news_appTests.swift */; };
		86CF71602B915AEA00B930B6 /* news_appUITests.swift in Sources */ = {isa = PBXBuildFile; fileRef = 86CF715F2B915AEA00B930B6 /* news_appUITests.swift */; };
		86CF71622B915AEA00B930B6 /* news_appUITestsLaunchTests.swift in Sources */ = {isa = PBXBuildFile; fileRef = 86CF71612B915AEA00B930B6 /* news_appUITestsLaunchTests.swift */; };
		86CF71742B915D3300B930B6 /* MainWindow.swift in Sources */ = {isa = PBXBuildFile; fileRef = 86CF71732B915D3300B930B6 /* MainWindow.swift */; };
		86CF71762B915D8E00B930B6 /* MainRootViewController.swift in Sources */ = {isa = PBXBuildFile; fileRef = 86CF71752B915D8E00B930B6 /* MainRootViewController.swift */; };
		86CF717F2B915E2B00B930B6 /* MainRootFactorable.swift in Sources */ = {isa = PBXBuildFile; fileRef = 86CF71792B915E2B00B930B6 /* MainRootFactorable.swift */; };
		86CF71802B915E2B00B930B6 /* MainRootPresenter.swift in Sources */ = {isa = PBXBuildFile; fileRef = 86CF717A2B915E2B00B930B6 /* MainRootPresenter.swift */; };
		86CF71812B915E2B00B930B6 /* MainRootRouter.swift in Sources */ = {isa = PBXBuildFile; fileRef = 86CF717B2B915E2B00B930B6 /* MainRootRouter.swift */; };
		86CF71822B915E2B00B930B6 /* MainRootInteractor.swift in Sources */ = {isa = PBXBuildFile; fileRef = 86CF717C2B915E2B00B930B6 /* MainRootInteractor.swift */; };
		86CF71832B915E2B00B930B6 /* MainRootView.swift in Sources */ = {isa = PBXBuildFile; fileRef = 86CF717D2B915E2B00B930B6 /* MainRootView.swift */; };
		86CF71842B915E2B00B930B6 /* MainRootModel.swift in Sources */ = {isa = PBXBuildFile; fileRef = 86CF717E2B915E2B00B930B6 /* MainRootModel.swift */; };
		86CF71862B915E8800B930B6 /* AppInjector.swift in Sources */ = {isa = PBXBuildFile; fileRef = 86CF71852B915E8800B930B6 /* AppInjector.swift */; };
		86CF718F2B91608F00B930B6 /* SignInFactorable.swift in Sources */ = {isa = PBXBuildFile; fileRef = 86CF71882B91608F00B930B6 /* SignInFactorable.swift */; };
		86CF71902B91608F00B930B6 /* SignInPresenter.swift in Sources */ = {isa = PBXBuildFile; fileRef = 86CF71892B91608F00B930B6 /* SignInPresenter.swift */; };
		86CF71912B91608F00B930B6 /* SignInRouter.swift in Sources */ = {isa = PBXBuildFile; fileRef = 86CF718A2B91608F00B930B6 /* SignInRouter.swift */; };
		86CF71922B91608F00B930B6 /* SignInViewController.swift in Sources */ = {isa = PBXBuildFile; fileRef = 86CF718B2B91608F00B930B6 /* SignInViewController.swift */; };
		86CF71932B91608F00B930B6 /* SignInInteractor.swift in Sources */ = {isa = PBXBuildFile; fileRef = 86CF718C2B91608F00B930B6 /* SignInInteractor.swift */; };
		86CF71942B91608F00B930B6 /* SignInView.swift in Sources */ = {isa = PBXBuildFile; fileRef = 86CF718D2B91608F00B930B6 /* SignInView.swift */; };
		86CF71952B91608F00B930B6 /* SignInModel.swift in Sources */ = {isa = PBXBuildFile; fileRef = 86CF718E2B91608F00B930B6 /* SignInModel.swift */; };
		86CF71972B9160E400B930B6 /* SignInView.xib in Resources */ = {isa = PBXBuildFile; fileRef = 86CF71962B9160E400B930B6 /* SignInView.xib */; };
		86CF71992B91623800B930B6 /* NewsCommonTextField.swift in Sources */ = {isa = PBXBuildFile; fileRef = 86CF71982B91623800B930B6 /* NewsCommonTextField.swift */; };
		86CF719B2B91625F00B930B6 /* NewsCommonTextField.xib in Resources */ = {isa = PBXBuildFile; fileRef = 86CF719A2B91625F00B930B6 /* NewsCommonTextField.xib */; };
		86CF719D2B91667200B930B6 /* CustomViewWithXib.swift in Sources */ = {isa = PBXBuildFile; fileRef = 86CF719C2B91667200B930B6 /* CustomViewWithXib.swift */; };
		86E201DC2BA974950037A496 /* Localizable.xcstrings in Resources */ = {isa = PBXBuildFile; fileRef = 86E201DB2BA974950037A496 /* Localizable.xcstrings */; };
		86E694422BAC21D900F0FE60 /* ForgotPasswordView.swift in Sources */ = {isa = PBXBuildFile; fileRef = 86E694412BAC21D900F0FE60 /* ForgotPasswordView.swift */; };
/* End PBXBuildFile section */

/* Begin PBXContainerItemProxy section */
		86CF71522B915AEA00B930B6 /* PBXContainerItemProxy */ = {
			isa = PBXContainerItemProxy;
			containerPortal = 86CF71302B915AE900B930B6 /* Project object */;
			proxyType = 1;
			remoteGlobalIDString = 86CF71372B915AE900B930B6;
			remoteInfo = "news-app";
		};
		86CF715C2B915AEA00B930B6 /* PBXContainerItemProxy */ = {
			isa = PBXContainerItemProxy;
			containerPortal = 86CF71302B915AE900B930B6 /* Project object */;
			proxyType = 1;
			remoteGlobalIDString = 86CF71372B915AE900B930B6;
			remoteInfo = "news-app";
		};
/* End PBXContainerItemProxy section */

/* Begin PBXFileReference section */
		22804B122BA3519600E8BCF4 /* SignInService.swift */ = {isa = PBXFileReference; lastKnownFileType = sourcecode.swift; path = SignInService.swift; sourceTree = "<group>"; };
		229843232B92283100446FC9 /* LocalizationCenter.swift */ = {isa = PBXFileReference; lastKnownFileType = sourcecode.swift; path = LocalizationCenter.swift; sourceTree = "<group>"; };
		229843262B922A7300446FC9 /* ManageAppLanguageService.swift */ = {isa = PBXFileReference; lastKnownFileType = sourcecode.swift; path = ManageAppLanguageService.swift; sourceTree = "<group>"; };
		8627290D2BA003980027F5A2 /* DismissKeyboardByTap.swift */ = {isa = PBXFileReference; lastKnownFileType = sourcecode.swift; path = DismissKeyboardByTap.swift; sourceTree = "<group>"; };
		8627290F2BA006D30027F5A2 /* PasswordValidatorService.swift */ = {isa = PBXFileReference; lastKnownFileType = sourcecode.swift; path = PasswordValidatorService.swift; sourceTree = "<group>"; };
		8698F8772BAD84DC003A81E9 /* ForgotPasswordInteractor.swift */ = {isa = PBXFileReference; lastKnownFileType = sourcecode.swift; path = ForgotPasswordInteractor.swift; sourceTree = "<group>"; };
		86ABEDB62BA17F070036D04C /* SignUpService.swift */ = {isa = PBXFileReference; lastKnownFileType = sourcecode.swift; path = SignUpService.swift; sourceTree = "<group>"; };
		86ABEDB82BA18BE70036D04C /* CommonError.swift */ = {isa = PBXFileReference; lastKnownFileType = sourcecode.swift; path = CommonError.swift; sourceTree = "<group>"; };
		86ABEDBA2BA1932A0036D04C /* EmailValidatorService.swift */ = {isa = PBXFileReference; lastKnownFileType = sourcecode.swift; path = EmailValidatorService.swift; sourceTree = "<group>"; };
		86ABEDBE2BA19AE60036D04C /* AlertUtils.swift */ = {isa = PBXFileReference; lastKnownFileType = sourcecode.swift; path = AlertUtils.swift; sourceTree = "<group>"; };
		86B31ABF2BAADB8200BFB6A4 /* Coordinator.swift */ = {isa = PBXFileReference; lastKnownFileType = sourcecode.swift; path = Coordinator.swift; sourceTree = "<group>"; };
		86B31AC12BAADB9200BFB6A4 /* Router.swift */ = {isa = PBXFileReference; lastKnownFileType = sourcecode.swift; path = Router.swift; sourceTree = "<group>"; };
		86B31AC42BAADC4F00BFB6A4 /* AddChildRouter.swift */ = {isa = PBXFileReference; lastKnownFileType = sourcecode.swift; path = AddChildRouter.swift; sourceTree = "<group>"; };
		86B31AC62BAAE2CA00BFB6A4 /* SceneDelegateRouter.swift */ = {isa = PBXFileReference; lastKnownFileType = sourcecode.swift; path = SceneDelegateRouter.swift; sourceTree = "<group>"; };
		86B31AC82BAAE3B800BFB6A4 /* RootCoordinator.swift */ = {isa = PBXFileReference; lastKnownFileType = sourcecode.swift; path = RootCoordinator.swift; sourceTree = "<group>"; };
		86B31ACA2BAAE6C200BFB6A4 /* AuthenticationCoordinator.swift */ = {isa = PBXFileReference; lastKnownFileType = sourcecode.swift; path = AuthenticationCoordinator.swift; sourceTree = "<group>"; };
		86B31ACC2BAAE79000BFB6A4 /* NavigationRouter.swift */ = {isa = PBXFileReference; lastKnownFileType = sourcecode.swift; path = NavigationRouter.swift; sourceTree = "<group>"; };
		86C34CD82B9F205200C5C448 /* StringUtils.swift */ = {isa = PBXFileReference; lastKnownFileType = sourcecode.swift; path = StringUtils.swift; sourceTree = "<group>"; };
		86CF71382B915AE900B930B6 /* news-app.app */ = {isa = PBXFileReference; explicitFileType = wrapper.application; includeInIndex = 0; path = "news-app.app"; sourceTree = BUILT_PRODUCTS_DIR; };
		86CF713B2B915AE900B930B6 /* AppDelegate.swift */ = {isa = PBXFileReference; lastKnownFileType = sourcecode.swift; path = AppDelegate.swift; sourceTree = "<group>"; };
		86CF713D2B915AE900B930B6 /* SceneDelegate.swift */ = {isa = PBXFileReference; lastKnownFileType = sourcecode.swift; path = SceneDelegate.swift; sourceTree = "<group>"; };
		86CF713F2B915AE900B930B6 /* ViewController.swift */ = {isa = PBXFileReference; lastKnownFileType = sourcecode.swift; path = ViewController.swift; sourceTree = "<group>"; };
		86CF71452B915AE900B930B6 /* news_app.xcdatamodel */ = {isa = PBXFileReference; lastKnownFileType = wrapper.xcdatamodel; path = news_app.xcdatamodel; sourceTree = "<group>"; };
		86CF71472B915AEA00B930B6 /* Assets.xcassets */ = {isa = PBXFileReference; lastKnownFileType = folder.assetcatalog; path = Assets.xcassets; sourceTree = "<group>"; };
		86CF714A2B915AEA00B930B6 /* Base */ = {isa = PBXFileReference; lastKnownFileType = file.storyboard; name = Base; path = Base.lproj/LaunchScreen.storyboard; sourceTree = "<group>"; };
		86CF714C2B915AEA00B930B6 /* Info.plist */ = {isa = PBXFileReference; lastKnownFileType = text.plist.xml; path = Info.plist; sourceTree = "<group>"; };
		86CF71512B915AEA00B930B6 /* news-appTests.xctest */ = {isa = PBXFileReference; explicitFileType = wrapper.cfbundle; includeInIndex = 0; path = "news-appTests.xctest"; sourceTree = BUILT_PRODUCTS_DIR; };
		86CF71552B915AEA00B930B6 /* news_appTests.swift */ = {isa = PBXFileReference; lastKnownFileType = sourcecode.swift; path = news_appTests.swift; sourceTree = "<group>"; };
		86CF715B2B915AEA00B930B6 /* news-appUITests.xctest */ = {isa = PBXFileReference; explicitFileType = wrapper.cfbundle; includeInIndex = 0; path = "news-appUITests.xctest"; sourceTree = BUILT_PRODUCTS_DIR; };
		86CF715F2B915AEA00B930B6 /* news_appUITests.swift */ = {isa = PBXFileReference; lastKnownFileType = sourcecode.swift; path = news_appUITests.swift; sourceTree = "<group>"; };
		86CF71612B915AEA00B930B6 /* news_appUITestsLaunchTests.swift */ = {isa = PBXFileReference; lastKnownFileType = sourcecode.swift; path = news_appUITestsLaunchTests.swift; sourceTree = "<group>"; };
		86CF71732B915D3300B930B6 /* MainWindow.swift */ = {isa = PBXFileReference; lastKnownFileType = sourcecode.swift; path = MainWindow.swift; sourceTree = "<group>"; };
		86CF71752B915D8E00B930B6 /* MainRootViewController.swift */ = {isa = PBXFileReference; lastKnownFileType = sourcecode.swift; path = MainRootViewController.swift; sourceTree = "<group>"; };
		86CF71792B915E2B00B930B6 /* MainRootFactorable.swift */ = {isa = PBXFileReference; lastKnownFileType = sourcecode.swift; path = MainRootFactorable.swift; sourceTree = "<group>"; };
		86CF717A2B915E2B00B930B6 /* MainRootPresenter.swift */ = {isa = PBXFileReference; lastKnownFileType = sourcecode.swift; path = MainRootPresenter.swift; sourceTree = "<group>"; };
		86CF717B2B915E2B00B930B6 /* MainRootRouter.swift */ = {isa = PBXFileReference; lastKnownFileType = sourcecode.swift; path = MainRootRouter.swift; sourceTree = "<group>"; };
		86CF717C2B915E2B00B930B6 /* MainRootInteractor.swift */ = {isa = PBXFileReference; lastKnownFileType = sourcecode.swift; path = MainRootInteractor.swift; sourceTree = "<group>"; };
		86CF717D2B915E2B00B930B6 /* MainRootView.swift */ = {isa = PBXFileReference; lastKnownFileType = sourcecode.swift; path = MainRootView.swift; sourceTree = "<group>"; };
		86CF717E2B915E2B00B930B6 /* MainRootModel.swift */ = {isa = PBXFileReference; lastKnownFileType = sourcecode.swift; path = MainRootModel.swift; sourceTree = "<group>"; };
		86CF71852B915E8800B930B6 /* AppInjector.swift */ = {isa = PBXFileReference; lastKnownFileType = sourcecode.swift; path = AppInjector.swift; sourceTree = "<group>"; };
		86CF71882B91608F00B930B6 /* SignInFactorable.swift */ = {isa = PBXFileReference; lastKnownFileType = sourcecode.swift; path = SignInFactorable.swift; sourceTree = "<group>"; };
		86CF71892B91608F00B930B6 /* SignInPresenter.swift */ = {isa = PBXFileReference; lastKnownFileType = sourcecode.swift; path = SignInPresenter.swift; sourceTree = "<group>"; };
		86CF718A2B91608F00B930B6 /* SignInRouter.swift */ = {isa = PBXFileReference; lastKnownFileType = sourcecode.swift; path = SignInRouter.swift; sourceTree = "<group>"; };
		86CF718B2B91608F00B930B6 /* SignInViewController.swift */ = {isa = PBXFileReference; lastKnownFileType = sourcecode.swift; path = SignInViewController.swift; sourceTree = "<group>"; };
		86CF718C2B91608F00B930B6 /* SignInInteractor.swift */ = {isa = PBXFileReference; lastKnownFileType = sourcecode.swift; path = SignInInteractor.swift; sourceTree = "<group>"; };
		86CF718D2B91608F00B930B6 /* SignInView.swift */ = {isa = PBXFileReference; lastKnownFileType = sourcecode.swift; path = SignInView.swift; sourceTree = "<group>"; };
		86CF718E2B91608F00B930B6 /* SignInModel.swift */ = {isa = PBXFileReference; lastKnownFileType = sourcecode.swift; path = SignInModel.swift; sourceTree = "<group>"; };
		86CF71962B9160E400B930B6 /* SignInView.xib */ = {isa = PBXFileReference; lastKnownFileType = file.xib; path = SignInView.xib; sourceTree = "<group>"; };
		86CF71982B91623800B930B6 /* NewsCommonTextField.swift */ = {isa = PBXFileReference; lastKnownFileType = sourcecode.swift; path = NewsCommonTextField.swift; sourceTree = "<group>"; };
		86CF719A2B91625F00B930B6 /* NewsCommonTextField.xib */ = {isa = PBXFileReference; lastKnownFileType = file.xib; path = NewsCommonTextField.xib; sourceTree = "<group>"; };
		86CF719C2B91667200B930B6 /* CustomViewWithXib.swift */ = {isa = PBXFileReference; lastKnownFileType = sourcecode.swift; path = CustomViewWithXib.swift; sourceTree = "<group>"; };
		86CF71A22B91811A00B930B6 /* vi */ = {isa = PBXFileReference; lastKnownFileType = text.plist.strings; name = vi; path = vi.lproj/LaunchScreen.strings; sourceTree = "<group>"; };
		86E201DB2BA974950037A496 /* Localizable.xcstrings */ = {isa = PBXFileReference; lastKnownFileType = text.json.xcstrings; path = Localizable.xcstrings; sourceTree = "<group>"; };
		86E694412BAC21D900F0FE60 /* ForgotPasswordView.swift */ = {isa = PBXFileReference; lastKnownFileType = sourcecode.swift; path = ForgotPasswordView.swift; sourceTree = "<group>"; };
/* End PBXFileReference section */

/* Begin PBXFrameworksBuildPhase section */
		86CF71352B915AE900B930B6 /* Frameworks */ = {
			isa = PBXFrameworksBuildPhase;
			buildActionMask = 2147483647;
			files = (
				86B2E9592BAC083600439682 /* SnapKit in Frameworks */,
				86B2E95B2BAC083600439682 /* SnapKit-Dynamic in Frameworks */,
			);
			runOnlyForDeploymentPostprocessing = 0;
		};
		86CF714E2B915AEA00B930B6 /* Frameworks */ = {
			isa = PBXFrameworksBuildPhase;
			buildActionMask = 2147483647;
			files = (
			);
			runOnlyForDeploymentPostprocessing = 0;
		};
		86CF71582B915AEA00B930B6 /* Frameworks */ = {
			isa = PBXFrameworksBuildPhase;
			buildActionMask = 2147483647;
			files = (
			);
			runOnlyForDeploymentPostprocessing = 0;
		};
/* End PBXFrameworksBuildPhase section */

/* Begin PBXGroup section */
		229843252B922A4400446FC9 /* Services */ = {
			isa = PBXGroup;
			children = (
				229843262B922A7300446FC9 /* ManageAppLanguageService.swift */,
				8627290F2BA006D30027F5A2 /* PasswordValidatorService.swift */,
				86ABEDB62BA17F070036D04C /* SignUpService.swift */,
				86ABEDBA2BA1932A0036D04C /* EmailValidatorService.swift */,
				22804B122BA3519600E8BCF4 /* SignInService.swift */,
			);
			path = Services;
			sourceTree = "<group>";
		};
		8627290B2BA003710027F5A2 /* TextFields */ = {
			isa = PBXGroup;
			children = (
				86CF71982B91623800B930B6 /* NewsCommonTextField.swift */,
				86CF719A2B91625F00B930B6 /* NewsCommonTextField.xib */,
			);
			path = TextFields;
			sourceTree = "<group>";
		};
		8627290C2BA0037E0027F5A2 /* Views */ = {
			isa = PBXGroup;
			children = (
				86CF719C2B91667200B930B6 /* CustomViewWithXib.swift */,
				8627290D2BA003980027F5A2 /* DismissKeyboardByTap.swift */,
			);
			path = Views;
			sourceTree = "<group>";
		};
		86B31ABE2BAADAC700BFB6A4 /* Coordinators */ = {
			isa = PBXGroup;
			children = (
				86B31ABF2BAADB8200BFB6A4 /* Coordinator.swift */,
				86B31AC82BAAE3B800BFB6A4 /* RootCoordinator.swift */,
				86B31ACA2BAAE6C200BFB6A4 /* AuthenticationCoordinator.swift */,
			);
			path = Coordinators;
			sourceTree = "<group>";
		};
		86B31AC32BAADC0700BFB6A4 /* Routers */ = {
			isa = PBXGroup;
			children = (
				86B31AC12BAADB9200BFB6A4 /* Router.swift */,
				86B31AC42BAADC4F00BFB6A4 /* AddChildRouter.swift */,
				86B31AC62BAAE2CA00BFB6A4 /* SceneDelegateRouter.swift */,
				86B31ACC2BAAE79000BFB6A4 /* NavigationRouter.swift */,
			);
			path = Routers;
			sourceTree = "<group>";
		};
		86C34CD62B9F1FEC00C5C448 /* Utils */ = {
			isa = PBXGroup;
			children = (
				86C34CD82B9F205200C5C448 /* StringUtils.swift */,
				86ABEDB82BA18BE70036D04C /* CommonError.swift */,
				86ABEDBE2BA19AE60036D04C /* AlertUtils.swift */,
			);
			path = Utils;
			sourceTree = "<group>";
		};
		86CF712F2B915AE900B930B6 = {
			isa = PBXGroup;
			children = (
				86CF713A2B915AE900B930B6 /* news-app */,
				86CF71542B915AEA00B930B6 /* news-appTests */,
				86CF715E2B915AEA00B930B6 /* news-appUITests */,
				86CF71392B915AE900B930B6 /* Products */,
			);
			sourceTree = "<group>";
		};
		86CF71392B915AE900B930B6 /* Products */ = {
			isa = PBXGroup;
			children = (
				86CF71382B915AE900B930B6 /* news-app.app */,
				86CF71512B915AEA00B930B6 /* news-appTests.xctest */,
				86CF715B2B915AEA00B930B6 /* news-appUITests.xctest */,
			);
			name = Products;
			sourceTree = "<group>";
		};
		86CF713A2B915AE900B930B6 /* news-app */ = {
			isa = PBXGroup;
			children = (
				229843252B922A4400446FC9 /* Services */,
				86CF71722B915D1100B930B6 /* Windows */,
				86CF71702B915CC500B930B6 /* Common */,
				86CF716E2B915C4300B930B6 /* Scenes */,
				86CF713B2B915AE900B930B6 /* AppDelegate.swift */,
				86CF713D2B915AE900B930B6 /* SceneDelegate.swift */,
				86CF713F2B915AE900B930B6 /* ViewController.swift */,
				86CF71472B915AEA00B930B6 /* Assets.xcassets */,
				86CF71492B915AEA00B930B6 /* LaunchScreen.storyboard */,
				86CF714C2B915AEA00B930B6 /* Info.plist */,
				86CF71442B915AE900B930B6 /* news_app.xcdatamodeld */,
			);
			path = "news-app";
			sourceTree = "<group>";
		};
		86CF71542B915AEA00B930B6 /* news-appTests */ = {
			isa = PBXGroup;
			children = (
				86CF71552B915AEA00B930B6 /* news_appTests.swift */,
			);
			path = "news-appTests";
			sourceTree = "<group>";
		};
		86CF715E2B915AEA00B930B6 /* news-appUITests */ = {
			isa = PBXGroup;
			children = (
				86CF715F2B915AEA00B930B6 /* news_appUITests.swift */,
				86CF71612B915AEA00B930B6 /* news_appUITestsLaunchTests.swift */,
			);
			path = "news-appUITests";
			sourceTree = "<group>";
		};
		86CF716E2B915C4300B930B6 /* Scenes */ = {
			isa = PBXGroup;
			children = (
				86E694402BAC20CE00F0FE60 /* ForgotPassword */,
				86CF71872B915FE200B930B6 /* SignIn */,
				86CF71782B915DEA00B930B6 /* MainRoot */,
			);
			path = Scenes;
			sourceTree = "<group>";
		};
		86CF71702B915CC500B930B6 /* Common */ = {
			isa = PBXGroup;
			children = (
				86B31AC32BAADC0700BFB6A4 /* Routers */,
				86B31ABE2BAADAC700BFB6A4 /* Coordinators */,
				86C34CD62B9F1FEC00C5C448 /* Utils */,
				86CF71A12B9180AC00B930B6 /* Localization */,
				86CF71A02B9180A200B930B6 /* DI */,
				86CF719F2B91809800B930B6 /* UI */,
			);
			path = Common;
			sourceTree = "<group>";
		};
		86CF71722B915D1100B930B6 /* Windows */ = {
			isa = PBXGroup;
			children = (
				86CF71732B915D3300B930B6 /* MainWindow.swift */,
			);
			path = Windows;
			sourceTree = "<group>";
		};
		86CF71782B915DEA00B930B6 /* MainRoot */ = {
			isa = PBXGroup;
			children = (
				86CF71752B915D8E00B930B6 /* MainRootViewController.swift */,
				86CF71792B915E2B00B930B6 /* MainRootFactorable.swift */,
				86CF717A2B915E2B00B930B6 /* MainRootPresenter.swift */,
				86CF717B2B915E2B00B930B6 /* MainRootRouter.swift */,
				86CF717C2B915E2B00B930B6 /* MainRootInteractor.swift */,
				86CF717D2B915E2B00B930B6 /* MainRootView.swift */,
				86CF717E2B915E2B00B930B6 /* MainRootModel.swift */,
			);
			path = MainRoot;
			sourceTree = "<group>";
		};
		86CF71872B915FE200B930B6 /* SignIn */ = {
			isa = PBXGroup;
			children = (
				86CF71882B91608F00B930B6 /* SignInFactorable.swift */,
				86CF71892B91608F00B930B6 /* SignInPresenter.swift */,
				86CF718A2B91608F00B930B6 /* SignInRouter.swift */,
				86CF718B2B91608F00B930B6 /* SignInViewController.swift */,
				86CF718C2B91608F00B930B6 /* SignInInteractor.swift */,
				86CF718D2B91608F00B930B6 /* SignInView.swift */,
				86CF718E2B91608F00B930B6 /* SignInModel.swift */,
				86CF71962B9160E400B930B6 /* SignInView.xib */,
			);
			path = SignIn;
			sourceTree = "<group>";
		};
		86CF719F2B91809800B930B6 /* UI */ = {
			isa = PBXGroup;
			children = (
				8627290C2BA0037E0027F5A2 /* Views */,
				8627290B2BA003710027F5A2 /* TextFields */,
			);
			path = UI;
			sourceTree = "<group>";
		};
		86CF71A02B9180A200B930B6 /* DI */ = {
			isa = PBXGroup;
			children = (
				86CF71852B915E8800B930B6 /* AppInjector.swift */,
			);
			path = DI;
			sourceTree = "<group>";
		};
		86CF71A12B9180AC00B930B6 /* Localization */ = {
			isa = PBXGroup;
			children = (
				86E201DB2BA974950037A496 /* Localizable.xcstrings */,
				229843232B92283100446FC9 /* LocalizationCenter.swift */,
			);
			path = Localization;
			sourceTree = "<group>";
		};
		86E694402BAC20CE00F0FE60 /* ForgotPassword */ = {
			isa = PBXGroup;
			children = (
				86E694412BAC21D900F0FE60 /* ForgotPasswordView.swift */,
				8698F8772BAD84DC003A81E9 /* ForgotPasswordInteractor.swift */,
			);
			path = ForgotPassword;
			sourceTree = "<group>";
		};
/* End PBXGroup section */

/* Begin PBXNativeTarget section */
		86CF71372B915AE900B930B6 /* news-app */ = {
			isa = PBXNativeTarget;
			buildConfigurationList = 86CF71652B915AEA00B930B6 /* Build configuration list for PBXNativeTarget "news-app" */;
			buildPhases = (
				86CF71342B915AE900B930B6 /* Sources */,
				86CF71352B915AE900B930B6 /* Frameworks */,
				86CF71362B915AE900B930B6 /* Resources */,
			);
			buildRules = (
			);
			dependencies = (
			);
			name = "news-app";
			packageProductDependencies = (
				86B2E9582BAC083600439682 /* SnapKit */,
				86B2E95A2BAC083600439682 /* SnapKit-Dynamic */,
			);
			productName = "news-app";
			productReference = 86CF71382B915AE900B930B6 /* news-app.app */;
			productType = "com.apple.product-type.application";
		};
		86CF71502B915AEA00B930B6 /* news-appTests */ = {
			isa = PBXNativeTarget;
			buildConfigurationList = 86CF71682B915AEA00B930B6 /* Build configuration list for PBXNativeTarget "news-appTests" */;
			buildPhases = (
				86CF714D2B915AEA00B930B6 /* Sources */,
				86CF714E2B915AEA00B930B6 /* Frameworks */,
				86CF714F2B915AEA00B930B6 /* Resources */,
			);
			buildRules = (
			);
			dependencies = (
				86CF71532B915AEA00B930B6 /* PBXTargetDependency */,
			);
			name = "news-appTests";
			productName = "news-appTests";
			productReference = 86CF71512B915AEA00B930B6 /* news-appTests.xctest */;
			productType = "com.apple.product-type.bundle.unit-test";
		};
		86CF715A2B915AEA00B930B6 /* news-appUITests */ = {
			isa = PBXNativeTarget;
			buildConfigurationList = 86CF716B2B915AEA00B930B6 /* Build configuration list for PBXNativeTarget "news-appUITests" */;
			buildPhases = (
				86CF71572B915AEA00B930B6 /* Sources */,
				86CF71582B915AEA00B930B6 /* Frameworks */,
				86CF71592B915AEA00B930B6 /* Resources */,
			);
			buildRules = (
			);
			dependencies = (
				86CF715D2B915AEA00B930B6 /* PBXTargetDependency */,
			);
			name = "news-appUITests";
			productName = "news-appUITests";
			productReference = 86CF715B2B915AEA00B930B6 /* news-appUITests.xctest */;
			productType = "com.apple.product-type.bundle.ui-testing";
		};
/* End PBXNativeTarget section */

/* Begin PBXProject section */
		86CF71302B915AE900B930B6 /* Project object */ = {
			isa = PBXProject;
			attributes = {
				BuildIndependentTargetsInParallel = 1;
				LastSwiftUpdateCheck = 1520;
				LastUpgradeCheck = 1520;
				TargetAttributes = {
					86CF71372B915AE900B930B6 = {
						CreatedOnToolsVersion = 15.2;
					};
					86CF71502B915AEA00B930B6 = {
						CreatedOnToolsVersion = 15.2;
						TestTargetID = 86CF71372B915AE900B930B6;
					};
					86CF715A2B915AEA00B930B6 = {
						CreatedOnToolsVersion = 15.2;
						TestTargetID = 86CF71372B915AE900B930B6;
					};
				};
			};
			buildConfigurationList = 86CF71332B915AE900B930B6 /* Build configuration list for PBXProject "news-app" */;
			compatibilityVersion = "Xcode 14.0";
			developmentRegion = en;
			hasScannedForEncodings = 0;
			knownRegions = (
				en,
				Base,
				vi,
			);
			mainGroup = 86CF712F2B915AE900B930B6;
			packageReferences = (
				86B2E9572BAC083600439682 /* XCRemoteSwiftPackageReference "SnapKit" */,
			);
			productRefGroup = 86CF71392B915AE900B930B6 /* Products */;
			projectDirPath = "";
			projectRoot = "";
			targets = (
				86CF71372B915AE900B930B6 /* news-app */,
				86CF71502B915AEA00B930B6 /* news-appTests */,
				86CF715A2B915AEA00B930B6 /* news-appUITests */,
			);
		};
/* End PBXProject section */

/* Begin PBXResourcesBuildPhase section */
		86CF71362B915AE900B930B6 /* Resources */ = {
			isa = PBXResourcesBuildPhase;
			buildActionMask = 2147483647;
			files = (
				86E201DC2BA974950037A496 /* Localizable.xcstrings in Resources */,
				86CF71972B9160E400B930B6 /* SignInView.xib in Resources */,
				86CF714B2B915AEA00B930B6 /* LaunchScreen.storyboard in Resources */,
				86CF71482B915AEA00B930B6 /* Assets.xcassets in Resources */,
				86CF719B2B91625F00B930B6 /* NewsCommonTextField.xib in Resources */,
			);
			runOnlyForDeploymentPostprocessing = 0;
		};
		86CF714F2B915AEA00B930B6 /* Resources */ = {
			isa = PBXResourcesBuildPhase;
			buildActionMask = 2147483647;
			files = (
			);
			runOnlyForDeploymentPostprocessing = 0;
		};
		86CF71592B915AEA00B930B6 /* Resources */ = {
			isa = PBXResourcesBuildPhase;
			buildActionMask = 2147483647;
			files = (
			);
			runOnlyForDeploymentPostprocessing = 0;
		};
/* End PBXResourcesBuildPhase section */

/* Begin PBXSourcesBuildPhase section */
		86CF71342B915AE900B930B6 /* Sources */ = {
			isa = PBXSourcesBuildPhase;
			buildActionMask = 2147483647;
			files = (
				86CF71832B915E2B00B930B6 /* MainRootView.swift in Sources */,
				86B31AC52BAADC4F00BFB6A4 /* AddChildRouter.swift in Sources */,
				86B31ACB2BAAE6C200BFB6A4 /* AuthenticationCoordinator.swift in Sources */,
				86ABEDB92BA18BE70036D04C /* CommonError.swift in Sources */,
				86CF71402B915AE900B930B6 /* ViewController.swift in Sources */,
				86CF71822B915E2B00B930B6 /* MainRootInteractor.swift in Sources */,
				86CF713C2B915AE900B930B6 /* AppDelegate.swift in Sources */,
				86CF71842B915E2B00B930B6 /* MainRootModel.swift in Sources */,
				8698F8782BAD84DC003A81E9 /* ForgotPasswordInteractor.swift in Sources */,
				86CF71992B91623800B930B6 /* NewsCommonTextField.swift in Sources */,
				22804B132BA3519600E8BCF4 /* SignInService.swift in Sources */,
				86CF71862B915E8800B930B6 /* AppInjector.swift in Sources */,
				862729102BA006D30027F5A2 /* PasswordValidatorService.swift in Sources */,
				86B31AC72BAAE2CA00BFB6A4 /* SceneDelegateRouter.swift in Sources */,
				86B31AC22BAADB9200BFB6A4 /* Router.swift in Sources */,
				86CF71912B91608F00B930B6 /* SignInRouter.swift in Sources */,
				86ABEDB72BA17F070036D04C /* SignUpService.swift in Sources */,
				8627290E2BA003980027F5A2 /* DismissKeyboardByTap.swift in Sources */,
				229843272B922A7300446FC9 /* ManageAppLanguageService.swift in Sources */,
				86E694422BAC21D900F0FE60 /* ForgotPasswordView.swift in Sources */,
				86CF71922B91608F00B930B6 /* SignInViewController.swift in Sources */,
				86C34CD92B9F205200C5C448 /* StringUtils.swift in Sources */,
				86CF719D2B91667200B930B6 /* CustomViewWithXib.swift in Sources */,
				86B31AC02BAADB8200BFB6A4 /* Coordinator.swift in Sources */,
				86CF71932B91608F00B930B6 /* SignInInteractor.swift in Sources */,
				86B31ACD2BAAE79000BFB6A4 /* NavigationRouter.swift in Sources */,
				86ABEDBB2BA1932A0036D04C /* EmailValidatorService.swift in Sources */,
				86CF71952B91608F00B930B6 /* SignInModel.swift in Sources */,
				86CF718F2B91608F00B930B6 /* SignInFactorable.swift in Sources */,
				86CF71942B91608F00B930B6 /* SignInView.swift in Sources */,
				86CF71742B915D3300B930B6 /* MainWindow.swift in Sources */,
				86CF71802B915E2B00B930B6 /* MainRootPresenter.swift in Sources */,
				86CF71902B91608F00B930B6 /* SignInPresenter.swift in Sources */,
				86B31AC92BAAE3B800BFB6A4 /* RootCoordinator.swift in Sources */,
				86ABEDBF2BA19AE60036D04C /* AlertUtils.swift in Sources */,
				86CF71762B915D8E00B930B6 /* MainRootViewController.swift in Sources */,
				86CF71812B915E2B00B930B6 /* MainRootRouter.swift in Sources */,
				86CF717F2B915E2B00B930B6 /* MainRootFactorable.swift in Sources */,
				86CF71462B915AE900B930B6 /* news_app.xcdatamodeld in Sources */,
				229843242B92283100446FC9 /* LocalizationCenter.swift in Sources */,
				86CF713E2B915AE900B930B6 /* SceneDelegate.swift in Sources */,
			);
			runOnlyForDeploymentPostprocessing = 0;
		};
		86CF714D2B915AEA00B930B6 /* Sources */ = {
			isa = PBXSourcesBuildPhase;
			buildActionMask = 2147483647;
			files = (
				86CF71562B915AEA00B930B6 /* news_appTests.swift in Sources */,
			);
			runOnlyForDeploymentPostprocessing = 0;
		};
		86CF71572B915AEA00B930B6 /* Sources */ = {
			isa = PBXSourcesBuildPhase;
			buildActionMask = 2147483647;
			files = (
				86CF71622B915AEA00B930B6 /* news_appUITestsLaunchTests.swift in Sources */,
				86CF71602B915AEA00B930B6 /* news_appUITests.swift in Sources */,
			);
			runOnlyForDeploymentPostprocessing = 0;
		};
/* End PBXSourcesBuildPhase section */

/* Begin PBXTargetDependency section */
		86CF71532B915AEA00B930B6 /* PBXTargetDependency */ = {
			isa = PBXTargetDependency;
			target = 86CF71372B915AE900B930B6 /* news-app */;
			targetProxy = 86CF71522B915AEA00B930B6 /* PBXContainerItemProxy */;
		};
		86CF715D2B915AEA00B930B6 /* PBXTargetDependency */ = {
			isa = PBXTargetDependency;
			target = 86CF71372B915AE900B930B6 /* news-app */;
			targetProxy = 86CF715C2B915AEA00B930B6 /* PBXContainerItemProxy */;
		};
/* End PBXTargetDependency section */

/* Begin PBXVariantGroup section */
		86CF71492B915AEA00B930B6 /* LaunchScreen.storyboard */ = {
			isa = PBXVariantGroup;
			children = (
				86CF714A2B915AEA00B930B6 /* Base */,
				86CF71A22B91811A00B930B6 /* vi */,
			);
			name = LaunchScreen.storyboard;
			sourceTree = "<group>";
		};
/* End PBXVariantGroup section */

/* Begin XCBuildConfiguration section */
		86CF71632B915AEA00B930B6 /* Debug */ = {
			isa = XCBuildConfiguration;
			buildSettings = {
				ALWAYS_SEARCH_USER_PATHS = NO;
				ASSETCATALOG_COMPILER_GENERATE_SWIFT_ASSET_SYMBOL_EXTENSIONS = YES;
				CLANG_ANALYZER_LOCALIZABILITY_NONLOCALIZED = YES;
				CLANG_ANALYZER_NONNULL = YES;
				CLANG_ANALYZER_NUMBER_OBJECT_CONVERSION = YES_AGGRESSIVE;
				CLANG_CXX_LANGUAGE_STANDARD = "gnu++20";
				CLANG_ENABLE_MODULES = YES;
				CLANG_ENABLE_OBJC_ARC = YES;
				CLANG_ENABLE_OBJC_WEAK = YES;
				CLANG_WARN_BLOCK_CAPTURE_AUTORELEASING = YES;
				CLANG_WARN_BOOL_CONVERSION = YES;
				CLANG_WARN_COMMA = YES;
				CLANG_WARN_CONSTANT_CONVERSION = YES;
				CLANG_WARN_DEPRECATED_OBJC_IMPLEMENTATIONS = YES;
				CLANG_WARN_DIRECT_OBJC_ISA_USAGE = YES_ERROR;
				CLANG_WARN_DOCUMENTATION_COMMENTS = YES;
				CLANG_WARN_EMPTY_BODY = YES;
				CLANG_WARN_ENUM_CONVERSION = YES;
				CLANG_WARN_INFINITE_RECURSION = YES;
				CLANG_WARN_INT_CONVERSION = YES;
				CLANG_WARN_NON_LITERAL_NULL_CONVERSION = YES;
				CLANG_WARN_OBJC_IMPLICIT_RETAIN_SELF = YES;
				CLANG_WARN_OBJC_LITERAL_CONVERSION = YES;
				CLANG_WARN_OBJC_ROOT_CLASS = YES_ERROR;
				CLANG_WARN_QUOTED_INCLUDE_IN_FRAMEWORK_HEADER = YES;
				CLANG_WARN_RANGE_LOOP_ANALYSIS = YES;
				CLANG_WARN_STRICT_PROTOTYPES = YES;
				CLANG_WARN_SUSPICIOUS_MOVE = YES;
				CLANG_WARN_UNGUARDED_AVAILABILITY = YES_AGGRESSIVE;
				CLANG_WARN_UNREACHABLE_CODE = YES;
				CLANG_WARN__DUPLICATE_METHOD_MATCH = YES;
				COPY_PHASE_STRIP = NO;
				DEBUG_INFORMATION_FORMAT = dwarf;
				ENABLE_STRICT_OBJC_MSGSEND = YES;
				ENABLE_TESTABILITY = YES;
				ENABLE_USER_SCRIPT_SANDBOXING = YES;
				GCC_C_LANGUAGE_STANDARD = gnu17;
				GCC_DYNAMIC_NO_PIC = NO;
				GCC_NO_COMMON_BLOCKS = YES;
				GCC_OPTIMIZATION_LEVEL = 0;
				GCC_PREPROCESSOR_DEFINITIONS = (
					"DEBUG=1",
					"$(inherited)",
				);
				GCC_WARN_64_TO_32_BIT_CONVERSION = YES;
				GCC_WARN_ABOUT_RETURN_TYPE = YES_ERROR;
				GCC_WARN_UNDECLARED_SELECTOR = YES;
				GCC_WARN_UNINITIALIZED_AUTOS = YES_AGGRESSIVE;
				GCC_WARN_UNUSED_FUNCTION = YES;
				GCC_WARN_UNUSED_VARIABLE = YES;
				IPHONEOS_DEPLOYMENT_TARGET = 17.2;
				LOCALIZATION_PREFERS_STRING_CATALOGS = YES;
				MTL_ENABLE_DEBUG_INFO = INCLUDE_SOURCE;
				MTL_FAST_MATH = YES;
				ONLY_ACTIVE_ARCH = YES;
				SDKROOT = iphoneos;
				SWIFT_ACTIVE_COMPILATION_CONDITIONS = "DEBUG $(inherited)";
				SWIFT_OPTIMIZATION_LEVEL = "-Onone";
			};
			name = Debug;
		};
		86CF71642B915AEA00B930B6 /* Release */ = {
			isa = XCBuildConfiguration;
			buildSettings = {
				ALWAYS_SEARCH_USER_PATHS = NO;
				ASSETCATALOG_COMPILER_GENERATE_SWIFT_ASSET_SYMBOL_EXTENSIONS = YES;
				CLANG_ANALYZER_LOCALIZABILITY_NONLOCALIZED = YES;
				CLANG_ANALYZER_NONNULL = YES;
				CLANG_ANALYZER_NUMBER_OBJECT_CONVERSION = YES_AGGRESSIVE;
				CLANG_CXX_LANGUAGE_STANDARD = "gnu++20";
				CLANG_ENABLE_MODULES = YES;
				CLANG_ENABLE_OBJC_ARC = YES;
				CLANG_ENABLE_OBJC_WEAK = YES;
				CLANG_WARN_BLOCK_CAPTURE_AUTORELEASING = YES;
				CLANG_WARN_BOOL_CONVERSION = YES;
				CLANG_WARN_COMMA = YES;
				CLANG_WARN_CONSTANT_CONVERSION = YES;
				CLANG_WARN_DEPRECATED_OBJC_IMPLEMENTATIONS = YES;
				CLANG_WARN_DIRECT_OBJC_ISA_USAGE = YES_ERROR;
				CLANG_WARN_DOCUMENTATION_COMMENTS = YES;
				CLANG_WARN_EMPTY_BODY = YES;
				CLANG_WARN_ENUM_CONVERSION = YES;
				CLANG_WARN_INFINITE_RECURSION = YES;
				CLANG_WARN_INT_CONVERSION = YES;
				CLANG_WARN_NON_LITERAL_NULL_CONVERSION = YES;
				CLANG_WARN_OBJC_IMPLICIT_RETAIN_SELF = YES;
				CLANG_WARN_OBJC_LITERAL_CONVERSION = YES;
				CLANG_WARN_OBJC_ROOT_CLASS = YES_ERROR;
				CLANG_WARN_QUOTED_INCLUDE_IN_FRAMEWORK_HEADER = YES;
				CLANG_WARN_RANGE_LOOP_ANALYSIS = YES;
				CLANG_WARN_STRICT_PROTOTYPES = YES;
				CLANG_WARN_SUSPICIOUS_MOVE = YES;
				CLANG_WARN_UNGUARDED_AVAILABILITY = YES_AGGRESSIVE;
				CLANG_WARN_UNREACHABLE_CODE = YES;
				CLANG_WARN__DUPLICATE_METHOD_MATCH = YES;
				COPY_PHASE_STRIP = NO;
				DEBUG_INFORMATION_FORMAT = "dwarf-with-dsym";
				ENABLE_NS_ASSERTIONS = NO;
				ENABLE_STRICT_OBJC_MSGSEND = YES;
				ENABLE_USER_SCRIPT_SANDBOXING = YES;
				GCC_C_LANGUAGE_STANDARD = gnu17;
				GCC_NO_COMMON_BLOCKS = YES;
				GCC_WARN_64_TO_32_BIT_CONVERSION = YES;
				GCC_WARN_ABOUT_RETURN_TYPE = YES_ERROR;
				GCC_WARN_UNDECLARED_SELECTOR = YES;
				GCC_WARN_UNINITIALIZED_AUTOS = YES_AGGRESSIVE;
				GCC_WARN_UNUSED_FUNCTION = YES;
				GCC_WARN_UNUSED_VARIABLE = YES;
				IPHONEOS_DEPLOYMENT_TARGET = 17.2;
				LOCALIZATION_PREFERS_STRING_CATALOGS = YES;
				MTL_ENABLE_DEBUG_INFO = NO;
				MTL_FAST_MATH = YES;
				SDKROOT = iphoneos;
				SWIFT_COMPILATION_MODE = wholemodule;
				VALIDATE_PRODUCT = YES;
			};
			name = Release;
		};
		86CF71662B915AEA00B930B6 /* Debug */ = {
			isa = XCBuildConfiguration;
			buildSettings = {
				ASSETCATALOG_COMPILER_APPICON_NAME = AppIcon;
				ASSETCATALOG_COMPILER_GLOBAL_ACCENT_COLOR_NAME = AccentColor;
				CODE_SIGN_STYLE = Automatic;
				CURRENT_PROJECT_VERSION = 1;
				DEVELOPMENT_TEAM = Q7K5LN46XR;
				GENERATE_INFOPLIST_FILE = YES;
				INFOPLIST_FILE = "news-app/Info.plist";
				INFOPLIST_KEY_UIApplicationSupportsIndirectInputEvents = YES;
				INFOPLIST_KEY_UILaunchStoryboardName = LaunchScreen.storyboard;
				INFOPLIST_KEY_UIRequiresFullScreen = NO;
				INFOPLIST_KEY_UISupportedInterfaceOrientations_iPad = "UIInterfaceOrientationPortrait UIInterfaceOrientationPortraitUpsideDown UIInterfaceOrientationLandscapeLeft UIInterfaceOrientationLandscapeRight";
				INFOPLIST_KEY_UISupportedInterfaceOrientations_iPhone = "UIInterfaceOrientationPortrait UIInterfaceOrientationLandscapeLeft UIInterfaceOrientationLandscapeRight";
				LD_RUNPATH_SEARCH_PATHS = (
					"$(inherited)",
					"@executable_path/Frameworks",
				);
				MARKETING_VERSION = 1.0;
				PRODUCT_BUNDLE_IDENTIFIER = "minhnv.news-app";
				PRODUCT_NAME = "$(TARGET_NAME)";
				SWIFT_EMIT_LOC_STRINGS = YES;
				SWIFT_VERSION = 5.0;
				TARGETED_DEVICE_FAMILY = "1,2";
			};
			name = Debug;
		};
		86CF71672B915AEA00B930B6 /* Release */ = {
			isa = XCBuildConfiguration;
			buildSettings = {
				ASSETCATALOG_COMPILER_APPICON_NAME = AppIcon;
				ASSETCATALOG_COMPILER_GLOBAL_ACCENT_COLOR_NAME = AccentColor;
				CODE_SIGN_STYLE = Automatic;
				CURRENT_PROJECT_VERSION = 1;
				DEVELOPMENT_TEAM = Q7K5LN46XR;
				GENERATE_INFOPLIST_FILE = YES;
				INFOPLIST_FILE = "news-app/Info.plist";
				INFOPLIST_KEY_UIApplicationSupportsIndirectInputEvents = YES;
				INFOPLIST_KEY_UILaunchStoryboardName = LaunchScreen.storyboard;
				INFOPLIST_KEY_UIRequiresFullScreen = NO;
				INFOPLIST_KEY_UISupportedInterfaceOrientations_iPad = "UIInterfaceOrientationPortrait UIInterfaceOrientationPortraitUpsideDown UIInterfaceOrientationLandscapeLeft UIInterfaceOrientationLandscapeRight";
				INFOPLIST_KEY_UISupportedInterfaceOrientations_iPhone = "UIInterfaceOrientationPortrait UIInterfaceOrientationLandscapeLeft UIInterfaceOrientationLandscapeRight";
				LD_RUNPATH_SEARCH_PATHS = (
					"$(inherited)",
					"@executable_path/Frameworks",
				);
				MARKETING_VERSION = 1.0;
				PRODUCT_BUNDLE_IDENTIFIER = "minhnv.news-app";
				PRODUCT_NAME = "$(TARGET_NAME)";
				SWIFT_EMIT_LOC_STRINGS = YES;
				SWIFT_VERSION = 5.0;
				TARGETED_DEVICE_FAMILY = "1,2";
			};
			name = Release;
		};
		86CF71692B915AEA00B930B6 /* Debug */ = {
			isa = XCBuildConfiguration;
			buildSettings = {
				ALWAYS_EMBED_SWIFT_STANDARD_LIBRARIES = YES;
				BUNDLE_LOADER = "$(TEST_HOST)";
				CODE_SIGN_STYLE = Automatic;
				CURRENT_PROJECT_VERSION = 1;
				DEVELOPMENT_TEAM = Q7K5LN46XR;
				GENERATE_INFOPLIST_FILE = YES;
				IPHONEOS_DEPLOYMENT_TARGET = 17.2;
				MARKETING_VERSION = 1.0;
				PRODUCT_BUNDLE_IDENTIFIER = "minhnv.news-appTests";
				PRODUCT_NAME = "$(TARGET_NAME)";
				SWIFT_EMIT_LOC_STRINGS = NO;
				SWIFT_VERSION = 5.0;
				TARGETED_DEVICE_FAMILY = "1,2";
				TEST_HOST = "$(BUILT_PRODUCTS_DIR)/news-app.app/$(BUNDLE_EXECUTABLE_FOLDER_PATH)/news-app";
			};
			name = Debug;
		};
		86CF716A2B915AEA00B930B6 /* Release */ = {
			isa = XCBuildConfiguration;
			buildSettings = {
				ALWAYS_EMBED_SWIFT_STANDARD_LIBRARIES = YES;
				BUNDLE_LOADER = "$(TEST_HOST)";
				CODE_SIGN_STYLE = Automatic;
				CURRENT_PROJECT_VERSION = 1;
				DEVELOPMENT_TEAM = Q7K5LN46XR;
				GENERATE_INFOPLIST_FILE = YES;
				IPHONEOS_DEPLOYMENT_TARGET = 17.2;
				MARKETING_VERSION = 1.0;
				PRODUCT_BUNDLE_IDENTIFIER = "minhnv.news-appTests";
				PRODUCT_NAME = "$(TARGET_NAME)";
				SWIFT_EMIT_LOC_STRINGS = NO;
				SWIFT_VERSION = 5.0;
				TARGETED_DEVICE_FAMILY = "1,2";
				TEST_HOST = "$(BUILT_PRODUCTS_DIR)/news-app.app/$(BUNDLE_EXECUTABLE_FOLDER_PATH)/news-app";
			};
			name = Release;
		};
		86CF716C2B915AEA00B930B6 /* Debug */ = {
			isa = XCBuildConfiguration;
			buildSettings = {
				ALWAYS_EMBED_SWIFT_STANDARD_LIBRARIES = YES;
				CODE_SIGN_STYLE = Automatic;
				CURRENT_PROJECT_VERSION = 1;
				DEVELOPMENT_TEAM = Q7K5LN46XR;
				GENERATE_INFOPLIST_FILE = YES;
				MARKETING_VERSION = 1.0;
				PRODUCT_BUNDLE_IDENTIFIER = "minhnv.news-appUITests";
				PRODUCT_NAME = "$(TARGET_NAME)";
				SWIFT_EMIT_LOC_STRINGS = NO;
				SWIFT_VERSION = 5.0;
				TARGETED_DEVICE_FAMILY = "1,2";
				TEST_TARGET_NAME = "news-app";
			};
			name = Debug;
		};
		86CF716D2B915AEA00B930B6 /* Release */ = {
			isa = XCBuildConfiguration;
			buildSettings = {
				ALWAYS_EMBED_SWIFT_STANDARD_LIBRARIES = YES;
				CODE_SIGN_STYLE = Automatic;
				CURRENT_PROJECT_VERSION = 1;
				DEVELOPMENT_TEAM = Q7K5LN46XR;
				GENERATE_INFOPLIST_FILE = YES;
				MARKETING_VERSION = 1.0;
				PRODUCT_BUNDLE_IDENTIFIER = "minhnv.news-appUITests";
				PRODUCT_NAME = "$(TARGET_NAME)";
				SWIFT_EMIT_LOC_STRINGS = NO;
				SWIFT_VERSION = 5.0;
				TARGETED_DEVICE_FAMILY = "1,2";
				TEST_TARGET_NAME = "news-app";
			};
			name = Release;
		};
/* End XCBuildConfiguration section */

/* Begin XCConfigurationList section */
		86CF71332B915AE900B930B6 /* Build configuration list for PBXProject "news-app" */ = {
			isa = XCConfigurationList;
			buildConfigurations = (
				86CF71632B915AEA00B930B6 /* Debug */,
				86CF71642B915AEA00B930B6 /* Release */,
			);
			defaultConfigurationIsVisible = 0;
			defaultConfigurationName = Release;
		};
		86CF71652B915AEA00B930B6 /* Build configuration list for PBXNativeTarget "news-app" */ = {
			isa = XCConfigurationList;
			buildConfigurations = (
				86CF71662B915AEA00B930B6 /* Debug */,
				86CF71672B915AEA00B930B6 /* Release */,
			);
			defaultConfigurationIsVisible = 0;
			defaultConfigurationName = Release;
		};
		86CF71682B915AEA00B930B6 /* Build configuration list for PBXNativeTarget "news-appTests" */ = {
			isa = XCConfigurationList;
			buildConfigurations = (
				86CF71692B915AEA00B930B6 /* Debug */,
				86CF716A2B915AEA00B930B6 /* Release */,
			);
			defaultConfigurationIsVisible = 0;
			defaultConfigurationName = Release;
		};
		86CF716B2B915AEA00B930B6 /* Build configuration list for PBXNativeTarget "news-appUITests" */ = {
			isa = XCConfigurationList;
			buildConfigurations = (
				86CF716C2B915AEA00B930B6 /* Debug */,
				86CF716D2B915AEA00B930B6 /* Release */,
			);
			defaultConfigurationIsVisible = 0;
			defaultConfigurationName = Release;
		};
/* End XCConfigurationList section */

/* Begin XCRemoteSwiftPackageReference section */
		86B2E9572BAC083600439682 /* XCRemoteSwiftPackageReference "SnapKit" */ = {
			isa = XCRemoteSwiftPackageReference;
			repositoryURL = "https://github.com/SnapKit/SnapKit.git";
			requirement = {
				kind = upToNextMajorVersion;
				minimumVersion = 5.7.1;
			};
		};
/* End XCRemoteSwiftPackageReference section */

/* Begin XCSwiftPackageProductDependency section */
		86B2E9582BAC083600439682 /* SnapKit */ = {
			isa = XCSwiftPackageProductDependency;
			package = 86B2E9572BAC083600439682 /* XCRemoteSwiftPackageReference "SnapKit" */;
			productName = SnapKit;
		};
		86B2E95A2BAC083600439682 /* SnapKit-Dynamic */ = {
			isa = XCSwiftPackageProductDependency;
			package = 86B2E9572BAC083600439682 /* XCRemoteSwiftPackageReference "SnapKit" */;
			productName = "SnapKit-Dynamic";
		};
/* End XCSwiftPackageProductDependency section */

/* Begin XCVersionGroup section */
		86CF71442B915AE900B930B6 /* news_app.xcdatamodeld */ = {
			isa = XCVersionGroup;
			children = (
				86CF71452B915AE900B930B6 /* news_app.xcdatamodel */,
			);
			currentVersion = 86CF71452B915AE900B930B6 /* news_app.xcdatamodel */;
			path = news_app.xcdatamodeld;
			sourceTree = "<group>";
			versionGroupType = wrapper.xcdatamodel;
		};
/* End XCVersionGroup section */
	};
	rootObject = 86CF71302B915AE900B930B6 /* Project object */;
}
